
Microsoft Visual Studio Solution File, Format Version 12.00
# Visual Studio Version 17
VisualStudioVersion = 17.13.35818.85 d17.13
MinimumVisualStudioVersion = 10.0.40219.1
Project("{FAE04EC0-301F-11D3-BF4B-00C04F79EFBC}") = "BookRepositoryAPI", "BookRepositoryAPI.csproj", "{3CE22B21-418B-4E0D-967D-03EA740B3790}"
EndProject
Global
	GlobalSection(SolutionConfigurationPlatforms) = preSolution
		Debug|Any CPU = Debug|Any CPU
		Release|Any CPU = Release|Any CPU
	EndGlobalSection
	GlobalSection(ProjectConfigurationPlatforms) = postSolution
		{3CE22B21-418B-4E0D-967D-03EA740B3790}.Debug|Any CPU.ActiveCfg = Debug|Any CPU
		{3CE22B21-418B-4E0D-967D-03EA740B3790}.Debug|Any CPU.Build.0 = Debug|Any CPU
		{3CE22B21-418B-4E0D-967D-03EA740B3790}.Release|Any CPU.ActiveCfg = Release|Any CPU
		{3CE22B21-418B-4E0D-967D-03EA740B3790}.Release|Any CPU.Build.0 = Release|Any CPU
	EndGlobalSection
	GlobalSection(SolutionProperties) = preSolution
		HideSolutionNode = FALSE
	EndGlobalSection
	GlobalSection(ExtensibilityGlobals) = postSolution
		SolutionGuid = {6DBE8002-1111-4F73-835C-64D4362FDEE4}
	EndGlobalSection
EndGlobal
