
Microsoft Visual Studio Solution File, Format Version 12.00
# Visual Studio Version 17
VisualStudioVersion = 17.13.35818.85
MinimumVisualStudioVersion = 10.0.40219.1
Project("{FAE04EC0-301F-11D3-BF4B-00C04F79EFBC}") = "BookRepositoryAPI", "BookRepositoryAPI.csproj", "{3CE22B21-418B-4E0D-967D-03EA740B3790}"
EndProject
Project("{2150E333-8FDC-42A3-9474-1A3956D46DE8}") = "Solution Items", "Solution Items", "{8EC462FD-D22E-90A8-E5CE-7E832BA40C5D}"
	ProjectSection(SolutionItems) = preProject
		.gitignore = .gitignore
	EndProjectSection
EndProject
Project("{FAE04EC0-301F-11D3-BF4B-00C04F79EFBC}") = "BookRepositoryAPITests", "..\BookRepositoryAPITests\BookRepositoryAPITests.csproj", "{472BB47D-18BA-499D-A03E-90643E3FC0A1}"
EndProject
Global
	GlobalSection(SolutionConfigurationPlatforms) = preSolution
		Debug|Any CPU = Debug|Any CPU
		Release|Any CPU = Release|Any CPU
	EndGlobalSection
	GlobalSection(ProjectConfigurationPlatforms) = postSolution
		{3CE22B21-418B-4E0D-967D-03EA740B3790}.Debug|Any CPU.ActiveCfg = Debug|Any CPU
		{3CE22B21-418B-4E0D-967D-03EA740B3790}.Debug|Any CPU.Build.0 = Debug|Any CPU
		{3CE22B21-418B-4E0D-967D-03EA740B3790}.Release|Any CPU.ActiveCfg = Release|Any CPU
		{3CE22B21-418B-4E0D-967D-03EA740B3790}.Release|Any CPU.Build.0 = Release|Any CPU
		{472BB47D-18BA-499D-A03E-90643E3FC0A1}.Debug|Any CPU.ActiveCfg = Debug|Any CPU
		{472BB47D-18BA-499D-A03E-90643E3FC0A1}.Debug|Any CPU.Build.0 = Debug|Any CPU
		{472BB47D-18BA-499D-A03E-90643E3FC0A1}.Release|Any CPU.ActiveCfg = Release|Any CPU
		{472BB47D-18BA-499D-A03E-90643E3FC0A1}.Release|Any CPU.Build.0 = Release|Any CPU
	EndGlobalSection
	GlobalSection(SolutionProperties) = preSolution
		HideSolutionNode = FALSE
	EndGlobalSection
	GlobalSection(ExtensibilityGlobals) = postSolution
		SolutionGuid = {6DBE8002-1111-4F73-835C-64D4362FDEE4}
	EndGlobalSection
EndGlobal
